
Microsoft Visual Studio Solution File, Format Version 12.00
# Visual Studio 2013
VisualStudioVersion = 12.0.21005.1
MinimumVisualStudioVersion = 10.0.40219.1
Project("{E24C65DC-7377-472B-9ABA-BC803B73C61A}") = "StoreLocator", "http://localhost:56022", "{716FBEFF-56AC-4183-BF9F-8AB231FBA92E}"
	ProjectSection(WebsiteProperties) = preProject
		UseIISExpress = "true"
		TargetFrameworkMoniker = ".NETFramework,Version%3Dv4.5"
		Debug.AspNetCompiler.VirtualPath = "/localhost_56022"
		Debug.AspNetCompiler.PhysicalPath = "..\..\WebSites\StoreLocator\"
		Debug.AspNetCompiler.TargetPath = "PrecompiledWeb\localhost_56022\"
		Debug.AspNetCompiler.Updateable = "true"
		Debug.AspNetCompiler.ForceOverwrite = "true"
		Debug.AspNetCompiler.FixedNames = "false"
		Debug.AspNetCompiler.Debug = "True"
		Release.AspNetCompiler.VirtualPath = "/localhost_56022"
		Release.AspNetCompiler.PhysicalPath = "..\..\WebSites\StoreLocator\"
		Release.AspNetCompiler.TargetPath = "PrecompiledWeb\localhost_56022\"
		Release.AspNetCompiler.Updateable = "true"
		Release.AspNetCompiler.ForceOverwrite = "true"
		Release.AspNetCompiler.FixedNames = "false"
		Release.AspNetCompiler.Debug = "False"
		SlnRelativePath = "..\..\WebSites\StoreLocator\"
		DefaultWebSiteLanguage = "Visual C#"
	EndProjectSection
EndProject
Project("{E24C65DC-7377-472B-9ABA-BC803B73C61A}") = "StoreLocator_TryIt", "http://localhost:62052", "{3725E708-5300-4936-8138-91EBDAD0E896}"
	ProjectSection(WebsiteProperties) = preProject
		UseIISExpress = "true"
		TargetFrameworkMoniker = ".NETFramework,Version%3Dv4.5"
		Debug.AspNetCompiler.VirtualPath = "/localhost_62052"
		Debug.AspNetCompiler.PhysicalPath = "..\..\WebSites\StoreLocator_TryIt\"
		Debug.AspNetCompiler.TargetPath = "PrecompiledWeb\localhost_62052\"
		Debug.AspNetCompiler.Updateable = "true"
		Debug.AspNetCompiler.ForceOverwrite = "true"
		Debug.AspNetCompiler.FixedNames = "false"
		Debug.AspNetCompiler.Debug = "True"
		Release.AspNetCompiler.VirtualPath = "/localhost_62052"
		Release.AspNetCompiler.PhysicalPath = "..\..\WebSites\StoreLocator_TryIt\"
		Release.AspNetCompiler.TargetPath = "PrecompiledWeb\localhost_62052\"
		Release.AspNetCompiler.Updateable = "true"
		Release.AspNetCompiler.ForceOverwrite = "true"
		Release.AspNetCompiler.FixedNames = "false"
		Release.AspNetCompiler.Debug = "False"
		SlnRelativePath = "..\..\WebSites\StoreLocator_TryIt\"
	EndProjectSection
EndProject
Global
	GlobalSection(SolutionConfigurationPlatforms) = preSolution
		Debug|Any CPU = Debug|Any CPU
	EndGlobalSection
	GlobalSection(ProjectConfigurationPlatforms) = postSolution
		{716FBEFF-56AC-4183-BF9F-8AB231FBA92E}.Debug|Any CPU.ActiveCfg = Debug|Any CPU
		{716FBEFF-56AC-4183-BF9F-8AB231FBA92E}.Debug|Any CPU.Build.0 = Debug|Any CPU
		{3725E708-5300-4936-8138-91EBDAD0E896}.Debug|Any CPU.ActiveCfg = Debug|Any CPU
		{3725E708-5300-4936-8138-91EBDAD0E896}.Debug|Any CPU.Build.0 = Debug|Any CPU
	EndGlobalSection
	GlobalSection(SolutionProperties) = preSolution
		HideSolutionNode = FALSE
	EndGlobalSection
EndGlobal
