
Microsoft Visual Studio Solution File, Format Version 12.00
# Visual Studio 2013
VisualStudioVersion = 12.0.21005.1
MinimumVisualStudioVersion = 10.0.40219.1
Project("{FAE04EC0-301F-11D3-BF4B-00C04F79EFBC}") = "Population_Service", "WcfService1\Population_Service.csproj", "{477E3CA4-F651-4CE2-A6DB-50A90CDF6DDE}"
EndProject
Project("{E24C65DC-7377-472B-9ABA-BC803B73C61A}") = "Try_It_Population_Service", "http://localhost:49936", "{0B9B89AD-F030-43D1-924C-7C8DFAA0AA10}"
	ProjectSection(WebsiteProperties) = preProject
		UseIISExpress = "true"
		TargetFrameworkMoniker = ".NETFramework,Version%3Dv4.5"
		Debug.AspNetCompiler.VirtualPath = "/localhost_49936"
		Debug.AspNetCompiler.PhysicalPath = "..\..\WebSites\Try_It_Population_Service\"
		Debug.AspNetCompiler.TargetPath = "PrecompiledWeb\localhost_49936\"
		Debug.AspNetCompiler.Updateable = "true"
		Debug.AspNetCompiler.ForceOverwrite = "true"
		Debug.AspNetCompiler.FixedNames = "false"
		Debug.AspNetCompiler.Debug = "True"
		Release.AspNetCompiler.VirtualPath = "/localhost_49936"
		Release.AspNetCompiler.PhysicalPath = "..\..\WebSites\Try_It_Population_Service\"
		Release.AspNetCompiler.TargetPath = "PrecompiledWeb\localhost_49936\"
		Release.AspNetCompiler.Updateable = "true"
		Release.AspNetCompiler.ForceOverwrite = "true"
		Release.AspNetCompiler.FixedNames = "false"
		Release.AspNetCompiler.Debug = "False"
		SlnRelativePath = "..\..\WebSites\Try_It_Population_Service\"
		DefaultWebSiteLanguage = "Visual C#"
	EndProjectSection
	ProjectSection(ProjectDependencies) = postProject
		{477E3CA4-F651-4CE2-A6DB-50A90CDF6DDE} = {477E3CA4-F651-4CE2-A6DB-50A90CDF6DDE}
	EndProjectSection
EndProject
Global
	GlobalSection(SolutionConfigurationPlatforms) = preSolution
		Debug|Any CPU = Debug|Any CPU
		Release|Any CPU = Release|Any CPU
	EndGlobalSection
	GlobalSection(ProjectConfigurationPlatforms) = postSolution
		{477E3CA4-F651-4CE2-A6DB-50A90CDF6DDE}.Debug|Any CPU.ActiveCfg = Debug|Any CPU
		{477E3CA4-F651-4CE2-A6DB-50A90CDF6DDE}.Debug|Any CPU.Build.0 = Debug|Any CPU
		{477E3CA4-F651-4CE2-A6DB-50A90CDF6DDE}.Release|Any CPU.ActiveCfg = Release|Any CPU
		{477E3CA4-F651-4CE2-A6DB-50A90CDF6DDE}.Release|Any CPU.Build.0 = Release|Any CPU
		{0B9B89AD-F030-43D1-924C-7C8DFAA0AA10}.Debug|Any CPU.ActiveCfg = Debug|Any CPU
		{0B9B89AD-F030-43D1-924C-7C8DFAA0AA10}.Debug|Any CPU.Build.0 = Debug|Any CPU
		{0B9B89AD-F030-43D1-924C-7C8DFAA0AA10}.Release|Any CPU.ActiveCfg = Debug|Any CPU
		{0B9B89AD-F030-43D1-924C-7C8DFAA0AA10}.Release|Any CPU.Build.0 = Debug|Any CPU
	EndGlobalSection
	GlobalSection(SolutionProperties) = preSolution
		HideSolutionNode = FALSE
	EndGlobalSection
EndGlobal
